
Microsoft Visual Studio Solution File, Format Version 12.00
# Visual Studio 15
VisualStudioVersion = 15.0.28307.329
MinimumVisualStudioVersion = 10.0.40219.1
Project("{8BC9CEB8-8B4A-11D0-8D11-00A0C91BC942}") = "firstClass", "firstClass\firstClass.vcxproj", "{7A111F4E-0A6E-4BB2-9D7E-118A98C66D35}"
EndProject
Global
	GlobalSection(SolutionConfigurationPlatforms) = preSolution
		Debug|x64 = Debug|x64
		Debug|x86 = Debug|x86
		Release|x64 = Release|x64
		Release|x86 = Release|x86
	EndGlobalSection
	GlobalSection(ProjectConfigurationPlatforms) = postSolution
		{7A111F4E-0A6E-4BB2-9D7E-118A98C66D35}.Debug|x64.ActiveCfg = Debug|x64
		{7A111F4E-0A6E-4BB2-9D7E-118A98C66D35}.Debug|x64.Build.0 = Debug|x64
		{7A111F4E-0A6E-4BB2-9D7E-118A98C66D35}.Debug|x86.ActiveCfg = Debug|Win32
		{7A111F4E-0A6E-4BB2-9D7E-118A98C66D35}.Debug|x86.Build.0 = Debug|Win32
		{7A111F4E-0A6E-4BB2-9D7E-118A98C66D35}.Release|x64.ActiveCfg = Release|x64
		{7A111F4E-0A6E-4BB2-9D7E-118A98C66D35}.Release|x64.Build.0 = Release|x64
		{7A111F4E-0A6E-4BB2-9D7E-118A98C66D35}.Release|x86.ActiveCfg = Release|Win32
		{7A111F4E-0A6E-4BB2-9D7E-118A98C66D35}.Release|x86.Build.0 = Release|Win32
	EndGlobalSection
	GlobalSection(SolutionProperties) = preSolution
		HideSolutionNode = FALSE
	EndGlobalSection
	GlobalSection(ExtensibilityGlobals) = postSolution
		SolutionGuid = {FE4F5E56-D8C0-45EA-9B52-0E1F0AF119EE}
	EndGlobalSection
EndGlobal
